
Microsoft Visual Studio Solution File, Format Version 12.00
# Visual Studio Version 17
VisualStudioVersion = 17.3.32901.215
MinimumVisualStudioVersion = 10.0.40219.1
Project("{2150E333-8FDC-42A3-9474-1A3956D46DE8}") = "Identity", "Identity", "{F90B51A6-59E4-4026-96D7-76A0BECC2BE6}"
EndProject
Project("{2150E333-8FDC-42A3-9474-1A3956D46DE8}") = "Materials", "Materials", "{2628C1F7-3DCD-4B27-8B05-9D4B649E7ABC}"
EndProject
Project("{2150E333-8FDC-42A3-9474-1A3956D46DE8}") = "Frontend", "Frontend", "{C4B28EDE-F9FD-478B-90B2-212D9224AB21}"
EndProject
Project("{2150E333-8FDC-42A3-9474-1A3956D46DE8}") = "Libraries", "Libraries", "{F88EB74B-A298-4715-BDD2-8FE6DD7EFCC2}"
EndProject
Project("{2150E333-8FDC-42A3-9474-1A3956D46DE8}") = "Libraries", "Libraries", "{D5E202AB-8A5B-4C21-BCEB-204725886277}"
EndProject
Project("{2150E333-8FDC-42A3-9474-1A3956D46DE8}") = "Libraries", "Libraries", "{9EB7AA3F-D4B6-4FBE-A77D-EC5ACDFB3DCA}"
EndProject
Project("{9A19103F-16F7-4668-BE54-9A1E7A4F7556}") = "SciMaterials.DAL.AUTH", "Identity\Libraries\SciMaterials.DAL.AUTH\SciMaterials.DAL.AUTH.csproj", "{857A24E9-FFDF-4294-AACB-1A4AFC985D2E}"
EndProject
Project("{9A19103F-16F7-4668-BE54-9A1E7A4F7556}") = "SciMaterials.DAL.AUTH.Contracts", "Identity\Libraries\SciMaterials.DAL.AUTH.Contracts\SciMaterials.DAL.AUTH.Contracts.csproj", "{B48EF59C-2F20-47C1-8A3C-901791E5E64F}"
EndProject
Project("{9A19103F-16F7-4668-BE54-9A1E7A4F7556}") = "SciMaterials.Services.Identity.API", "Identity\Libraries\SciMaterials.Services.Identity.API\SciMaterials.Services.Identity.API.csproj", "{7FC04F2E-D5FF-40CF-AD85-502E108B2D15}"
EndProject
Project("{9A19103F-16F7-4668-BE54-9A1E7A4F7556}") = "SciMaterials.Contracts.Identity.API", "Identity\Libraries\SciMaterials.Contracts.Identity.API\SciMaterials.Contracts.Identity.API.csproj", "{39557933-DD0D-4A36-82C3-FBDEAA48CFB0}"
EndProject
Project("{2150E333-8FDC-42A3-9474-1A3956D46DE8}") = "Common", "Common", "{F1D1E9F1-8B45-4414-BADC-1DA79151ADB5}"
EndProject
Project("{9A19103F-16F7-4668-BE54-9A1E7A4F7556}") = "SciMaterials.Contracts", "Common\SciMaterials.Contracts\SciMaterials.Contracts.csproj", "{504EE15C-F0B2-4667-A929-257FCADE00BE}"
EndProject
Project("{9A19103F-16F7-4668-BE54-9A1E7A4F7556}") = "SciMaterials.DAL.Contracts", "Common\SciMaterials.DAL.Contracts\SciMaterials.DAL.Contracts.csproj", "{77F913E9-78D7-4FC8-9E3F-CA5C7F30EF85}"
EndProject
Project("{9A19103F-16F7-4668-BE54-9A1E7A4F7556}") = "SciMaterials.Contracts.API", "Materials\Libraries\SciMaterials.Contracts.API\SciMaterials.Contracts.API.csproj", "{3B7A2707-42C6-49AA-816A-80C9C0AFA16C}"
EndProject
Project("{9A19103F-16F7-4668-BE54-9A1E7A4F7556}") = "SciMaterials.DAL.Resources", "Materials\Libraries\SciMaterials.DAL.Resources\SciMaterials.DAL.Resources.csproj", "{D18553E3-BC98-4C8B-B054-9DD9265CFC6C}"
EndProject
Project("{9A19103F-16F7-4668-BE54-9A1E7A4F7556}") = "SciMaterials.DAL.Resources.Contracts", "Materials\Libraries\SciMaterials.DAL.Resources.Contracts\SciMaterials.DAL.Resources.Contracts.csproj", "{D4783AF5-E830-4F2A-BD51-C6D797B159C3}"
EndProject
Project("{9A19103F-16F7-4668-BE54-9A1E7A4F7556}") = "SciMaterials.Contracts.API.Mapping", "Materials\Libraries\SciMaterials.Contracts.API.Mapping\SciMaterials.Contracts.API.Mapping.csproj", "{1BFEA688-F91E-4E45-94A6-59C4B2F99CF0}"
EndProject
Project("{9A19103F-16F7-4668-BE54-9A1E7A4F7556}") = "SciMaterials.Contracts.ShortLinks", "Materials\Libraries\SciMaterials.Contracts.ShortLinks\SciMaterials.Contracts.ShortLinks.csproj", "{D51A74C4-72E9-4649-A5C2-931628ABEDAE}"
EndProject
Project("{9A19103F-16F7-4668-BE54-9A1E7A4F7556}") = "SciMaterials.Contracts.WebApi.Clients", "Materials\Libraries\SciMaterials.Contracts.WebApi.Clients\SciMaterials.Contracts.WebApi.Clients.csproj", "{65F8012B-C950-4B55-860E-24A6994C8B1C}"
EndProject
Project("{9A19103F-16F7-4668-BE54-9A1E7A4F7556}") = "SciMaterials.Services", "Materials\Libraries\SciMaterials.Services\SciMaterials.Services.csproj", "{47BC8045-71F4-44C0-AD72-9D5DE06FA66C}"
EndProject
Project("{9A19103F-16F7-4668-BE54-9A1E7A4F7556}") = "SciMaterials.Services.API", "Materials\Libraries\SciMaterials.Services.API\SciMaterials.Services.API.csproj", "{38D55D79-5587-4982-B0B7-CD109A4C3114}"
EndProject
Project("{9A19103F-16F7-4668-BE54-9A1E7A4F7556}") = "SciMaterials.Services.ShortLinks", "Materials\Libraries\SciMaterials.Services.ShortLinks\SciMaterials.Services.ShortLinks.csproj", "{CF06E25A-3830-40CE-97E5-61C879DC44D1}"
EndProject
Project("{9A19103F-16F7-4668-BE54-9A1E7A4F7556}") = "SciMaterials.WebApi.Clients", "Materials\Libraries\SciMaterials.WebApi.Clients\SciMaterials.WebApi.Clients.csproj", "{98DC8237-D70F-48D1-8DBF-D881F3136CFA}"
EndProject
Project("{9A19103F-16F7-4668-BE54-9A1E7A4F7556}") = "SciMaterials.UI.MVC", "Frontend\SciMaterials.UI.MVC\SciMaterials.UI.MVC.csproj", "{15069B30-4DEC-4664-9D6D-59C5DD9FA7A1}"
EndProject
Project("{9A19103F-16F7-4668-BE54-9A1E7A4F7556}") = "SciMaterials.UI.BWASM", "Frontend\SciMaterials.UI.BWASM\SciMaterials.UI.BWASM.csproj", "{313DAE04-6E73-472C-A3C2-ECBFA4B5BA0D}"
EndProject
Project("{FAE04EC0-301F-11D3-BF4B-00C04F79EFBC}") = "SciMaterials.Materials.DAL.SqlServer.Migrations", "Materials\Libraries\SciMaterials.Materials.DAL.SqlServer.Migrations\SciMaterials.Materials.DAL.SqlServer.Migrations.csproj", "{708F127E-767C-4787-91BB-B2C3398EF851}"
EndProject
Project("{FAE04EC0-301F-11D3-BF4B-00C04F79EFBC}") = "SciMaterials.Identity.DAL.SqlServer.Migrations", "Identity\Libraries\SciMaterials.Identity.DAL.SqlServer.Migrations\SciMaterials.Identity.DAL.SqlServer.Migrations.csproj", "{75EE60FB-2813-4C67-962B-77829DC59596}"
EndProject
Project("{FAE04EC0-301F-11D3-BF4B-00C04F79EFBC}") = "SciMaterials.Identity.Api", "Identity\SciMaterials.Identity.Api\SciMaterials.Identity.Api.csproj", "{6C4DB170-F3D8-4386-8E23-CE292546AE25}"
EndProject
Project("{FAE04EC0-301F-11D3-BF4B-00C04F79EFBC}") = "SciMaterials.Materials.Api", "Materials\SciMaterials.Materials.Api\SciMaterials.Materials.Api.csproj", "{8A2B273F-0BD5-49DC-9416-2389056CD3A8}"
EndProject
Global
	GlobalSection(SolutionConfigurationPlatforms) = preSolution
		Debug|Any CPU = Debug|Any CPU
		Release|Any CPU = Release|Any CPU
	EndGlobalSection
	GlobalSection(ProjectConfigurationPlatforms) = postSolution
		{857A24E9-FFDF-4294-AACB-1A4AFC985D2E}.Debug|Any CPU.ActiveCfg = Debug|Any CPU
		{857A24E9-FFDF-4294-AACB-1A4AFC985D2E}.Debug|Any CPU.Build.0 = Debug|Any CPU
		{857A24E9-FFDF-4294-AACB-1A4AFC985D2E}.Release|Any CPU.ActiveCfg = Release|Any CPU
		{857A24E9-FFDF-4294-AACB-1A4AFC985D2E}.Release|Any CPU.Build.0 = Release|Any CPU
		{B48EF59C-2F20-47C1-8A3C-901791E5E64F}.Debug|Any CPU.ActiveCfg = Debug|Any CPU
		{B48EF59C-2F20-47C1-8A3C-901791E5E64F}.Debug|Any CPU.Build.0 = Debug|Any CPU
		{B48EF59C-2F20-47C1-8A3C-901791E5E64F}.Release|Any CPU.ActiveCfg = Release|Any CPU
		{B48EF59C-2F20-47C1-8A3C-901791E5E64F}.Release|Any CPU.Build.0 = Release|Any CPU
		{7FC04F2E-D5FF-40CF-AD85-502E108B2D15}.Debug|Any CPU.ActiveCfg = Debug|Any CPU
		{7FC04F2E-D5FF-40CF-AD85-502E108B2D15}.Debug|Any CPU.Build.0 = Debug|Any CPU
		{7FC04F2E-D5FF-40CF-AD85-502E108B2D15}.Release|Any CPU.ActiveCfg = Release|Any CPU
		{7FC04F2E-D5FF-40CF-AD85-502E108B2D15}.Release|Any CPU.Build.0 = Release|Any CPU
		{39557933-DD0D-4A36-82C3-FBDEAA48CFB0}.Debug|Any CPU.ActiveCfg = Debug|Any CPU
		{39557933-DD0D-4A36-82C3-FBDEAA48CFB0}.Debug|Any CPU.Build.0 = Debug|Any CPU
		{39557933-DD0D-4A36-82C3-FBDEAA48CFB0}.Release|Any CPU.ActiveCfg = Release|Any CPU
		{39557933-DD0D-4A36-82C3-FBDEAA48CFB0}.Release|Any CPU.Build.0 = Release|Any CPU
		{504EE15C-F0B2-4667-A929-257FCADE00BE}.Debug|Any CPU.ActiveCfg = Debug|Any CPU
		{504EE15C-F0B2-4667-A929-257FCADE00BE}.Debug|Any CPU.Build.0 = Debug|Any CPU
		{504EE15C-F0B2-4667-A929-257FCADE00BE}.Release|Any CPU.ActiveCfg = Release|Any CPU
		{504EE15C-F0B2-4667-A929-257FCADE00BE}.Release|Any CPU.Build.0 = Release|Any CPU
		{77F913E9-78D7-4FC8-9E3F-CA5C7F30EF85}.Debug|Any CPU.ActiveCfg = Debug|Any CPU
		{77F913E9-78D7-4FC8-9E3F-CA5C7F30EF85}.Debug|Any CPU.Build.0 = Debug|Any CPU
		{77F913E9-78D7-4FC8-9E3F-CA5C7F30EF85}.Release|Any CPU.ActiveCfg = Release|Any CPU
		{77F913E9-78D7-4FC8-9E3F-CA5C7F30EF85}.Release|Any CPU.Build.0 = Release|Any CPU
		{3B7A2707-42C6-49AA-816A-80C9C0AFA16C}.Debug|Any CPU.ActiveCfg = Debug|Any CPU
		{3B7A2707-42C6-49AA-816A-80C9C0AFA16C}.Debug|Any CPU.Build.0 = Debug|Any CPU
		{3B7A2707-42C6-49AA-816A-80C9C0AFA16C}.Release|Any CPU.ActiveCfg = Release|Any CPU
		{3B7A2707-42C6-49AA-816A-80C9C0AFA16C}.Release|Any CPU.Build.0 = Release|Any CPU
		{D18553E3-BC98-4C8B-B054-9DD9265CFC6C}.Debug|Any CPU.ActiveCfg = Debug|Any CPU
		{D18553E3-BC98-4C8B-B054-9DD9265CFC6C}.Debug|Any CPU.Build.0 = Debug|Any CPU
		{D18553E3-BC98-4C8B-B054-9DD9265CFC6C}.Release|Any CPU.ActiveCfg = Release|Any CPU
		{D18553E3-BC98-4C8B-B054-9DD9265CFC6C}.Release|Any CPU.Build.0 = Release|Any CPU
		{D4783AF5-E830-4F2A-BD51-C6D797B159C3}.Debug|Any CPU.ActiveCfg = Debug|Any CPU
		{D4783AF5-E830-4F2A-BD51-C6D797B159C3}.Debug|Any CPU.Build.0 = Debug|Any CPU
		{D4783AF5-E830-4F2A-BD51-C6D797B159C3}.Release|Any CPU.ActiveCfg = Release|Any CPU
		{D4783AF5-E830-4F2A-BD51-C6D797B159C3}.Release|Any CPU.Build.0 = Release|Any CPU
		{1BFEA688-F91E-4E45-94A6-59C4B2F99CF0}.Debug|Any CPU.ActiveCfg = Debug|Any CPU
		{1BFEA688-F91E-4E45-94A6-59C4B2F99CF0}.Debug|Any CPU.Build.0 = Debug|Any CPU
		{1BFEA688-F91E-4E45-94A6-59C4B2F99CF0}.Release|Any CPU.ActiveCfg = Release|Any CPU
		{1BFEA688-F91E-4E45-94A6-59C4B2F99CF0}.Release|Any CPU.Build.0 = Release|Any CPU
		{D51A74C4-72E9-4649-A5C2-931628ABEDAE}.Debug|Any CPU.ActiveCfg = Debug|Any CPU
		{D51A74C4-72E9-4649-A5C2-931628ABEDAE}.Debug|Any CPU.Build.0 = Debug|Any CPU
		{D51A74C4-72E9-4649-A5C2-931628ABEDAE}.Release|Any CPU.ActiveCfg = Release|Any CPU
		{D51A74C4-72E9-4649-A5C2-931628ABEDAE}.Release|Any CPU.Build.0 = Release|Any CPU
		{65F8012B-C950-4B55-860E-24A6994C8B1C}.Debug|Any CPU.ActiveCfg = Debug|Any CPU
		{65F8012B-C950-4B55-860E-24A6994C8B1C}.Debug|Any CPU.Build.0 = Debug|Any CPU
		{65F8012B-C950-4B55-860E-24A6994C8B1C}.Release|Any CPU.ActiveCfg = Release|Any CPU
		{65F8012B-C950-4B55-860E-24A6994C8B1C}.Release|Any CPU.Build.0 = Release|Any CPU
		{47BC8045-71F4-44C0-AD72-9D5DE06FA66C}.Debug|Any CPU.ActiveCfg = Debug|Any CPU
		{47BC8045-71F4-44C0-AD72-9D5DE06FA66C}.Debug|Any CPU.Build.0 = Debug|Any CPU
		{47BC8045-71F4-44C0-AD72-9D5DE06FA66C}.Release|Any CPU.ActiveCfg = Release|Any CPU
		{47BC8045-71F4-44C0-AD72-9D5DE06FA66C}.Release|Any CPU.Build.0 = Release|Any CPU
		{38D55D79-5587-4982-B0B7-CD109A4C3114}.Debug|Any CPU.ActiveCfg = Debug|Any CPU
		{38D55D79-5587-4982-B0B7-CD109A4C3114}.Debug|Any CPU.Build.0 = Debug|Any CPU
		{38D55D79-5587-4982-B0B7-CD109A4C3114}.Release|Any CPU.ActiveCfg = Release|Any CPU
		{38D55D79-5587-4982-B0B7-CD109A4C3114}.Release|Any CPU.Build.0 = Release|Any CPU
		{CF06E25A-3830-40CE-97E5-61C879DC44D1}.Debug|Any CPU.ActiveCfg = Debug|Any CPU
		{CF06E25A-3830-40CE-97E5-61C879DC44D1}.Debug|Any CPU.Build.0 = Debug|Any CPU
		{CF06E25A-3830-40CE-97E5-61C879DC44D1}.Release|Any CPU.ActiveCfg = Release|Any CPU
		{CF06E25A-3830-40CE-97E5-61C879DC44D1}.Release|Any CPU.Build.0 = Release|Any CPU
		{98DC8237-D70F-48D1-8DBF-D881F3136CFA}.Debug|Any CPU.ActiveCfg = Debug|Any CPU
		{98DC8237-D70F-48D1-8DBF-D881F3136CFA}.Debug|Any CPU.Build.0 = Debug|Any CPU
		{98DC8237-D70F-48D1-8DBF-D881F3136CFA}.Release|Any CPU.ActiveCfg = Release|Any CPU
		{98DC8237-D70F-48D1-8DBF-D881F3136CFA}.Release|Any CPU.Build.0 = Release|Any CPU
		{15069B30-4DEC-4664-9D6D-59C5DD9FA7A1}.Debug|Any CPU.ActiveCfg = Debug|Any CPU
		{15069B30-4DEC-4664-9D6D-59C5DD9FA7A1}.Debug|Any CPU.Build.0 = Debug|Any CPU
		{15069B30-4DEC-4664-9D6D-59C5DD9FA7A1}.Release|Any CPU.ActiveCfg = Release|Any CPU
		{15069B30-4DEC-4664-9D6D-59C5DD9FA7A1}.Release|Any CPU.Build.0 = Release|Any CPU
		{313DAE04-6E73-472C-A3C2-ECBFA4B5BA0D}.Debug|Any CPU.ActiveCfg = Debug|Any CPU
		{313DAE04-6E73-472C-A3C2-ECBFA4B5BA0D}.Debug|Any CPU.Build.0 = Debug|Any CPU
		{313DAE04-6E73-472C-A3C2-ECBFA4B5BA0D}.Release|Any CPU.ActiveCfg = Release|Any CPU
		{313DAE04-6E73-472C-A3C2-ECBFA4B5BA0D}.Release|Any CPU.Build.0 = Release|Any CPU
		{708F127E-767C-4787-91BB-B2C3398EF851}.Debug|Any CPU.ActiveCfg = Debug|Any CPU
		{708F127E-767C-4787-91BB-B2C3398EF851}.Debug|Any CPU.Build.0 = Debug|Any CPU
		{708F127E-767C-4787-91BB-B2C3398EF851}.Release|Any CPU.ActiveCfg = Release|Any CPU
		{708F127E-767C-4787-91BB-B2C3398EF851}.Release|Any CPU.Build.0 = Release|Any CPU
		{75EE60FB-2813-4C67-962B-77829DC59596}.Debug|Any CPU.ActiveCfg = Debug|Any CPU
		{75EE60FB-2813-4C67-962B-77829DC59596}.Debug|Any CPU.Build.0 = Debug|Any CPU
		{75EE60FB-2813-4C67-962B-77829DC59596}.Release|Any CPU.ActiveCfg = Release|Any CPU
		{75EE60FB-2813-4C67-962B-77829DC59596}.Release|Any CPU.Build.0 = Release|Any CPU
		{6C4DB170-F3D8-4386-8E23-CE292546AE25}.Debug|Any CPU.ActiveCfg = Debug|Any CPU
		{6C4DB170-F3D8-4386-8E23-CE292546AE25}.Debug|Any CPU.Build.0 = Debug|Any CPU
		{6C4DB170-F3D8-4386-8E23-CE292546AE25}.Release|Any CPU.ActiveCfg = Release|Any CPU
		{6C4DB170-F3D8-4386-8E23-CE292546AE25}.Release|Any CPU.Build.0 = Release|Any CPU
		{8A2B273F-0BD5-49DC-9416-2389056CD3A8}.Debug|Any CPU.ActiveCfg = Debug|Any CPU
		{8A2B273F-0BD5-49DC-9416-2389056CD3A8}.Debug|Any CPU.Build.0 = Debug|Any CPU
		{8A2B273F-0BD5-49DC-9416-2389056CD3A8}.Release|Any CPU.ActiveCfg = Release|Any CPU
		{8A2B273F-0BD5-49DC-9416-2389056CD3A8}.Release|Any CPU.Build.0 = Release|Any CPU
	EndGlobalSection
	GlobalSection(SolutionProperties) = preSolution
		HideSolutionNode = FALSE
	EndGlobalSection
	GlobalSection(NestedProjects) = preSolution
		{F88EB74B-A298-4715-BDD2-8FE6DD7EFCC2} = {2628C1F7-3DCD-4B27-8B05-9D4B649E7ABC}
		{D5E202AB-8A5B-4C21-BCEB-204725886277} = {F90B51A6-59E4-4026-96D7-76A0BECC2BE6}
		{9EB7AA3F-D4B6-4FBE-A77D-EC5ACDFB3DCA} = {C4B28EDE-F9FD-478B-90B2-212D9224AB21}
		{857A24E9-FFDF-4294-AACB-1A4AFC985D2E} = {D5E202AB-8A5B-4C21-BCEB-204725886277}
		{B48EF59C-2F20-47C1-8A3C-901791E5E64F} = {D5E202AB-8A5B-4C21-BCEB-204725886277}
		{7FC04F2E-D5FF-40CF-AD85-502E108B2D15} = {D5E202AB-8A5B-4C21-BCEB-204725886277}
		{39557933-DD0D-4A36-82C3-FBDEAA48CFB0} = {D5E202AB-8A5B-4C21-BCEB-204725886277}
		{504EE15C-F0B2-4667-A929-257FCADE00BE} = {F1D1E9F1-8B45-4414-BADC-1DA79151ADB5}
		{77F913E9-78D7-4FC8-9E3F-CA5C7F30EF85} = {F1D1E9F1-8B45-4414-BADC-1DA79151ADB5}
		{3B7A2707-42C6-49AA-816A-80C9C0AFA16C} = {F88EB74B-A298-4715-BDD2-8FE6DD7EFCC2}
		{D18553E3-BC98-4C8B-B054-9DD9265CFC6C} = {F88EB74B-A298-4715-BDD2-8FE6DD7EFCC2}
		{D4783AF5-E830-4F2A-BD51-C6D797B159C3} = {F88EB74B-A298-4715-BDD2-8FE6DD7EFCC2}
		{1BFEA688-F91E-4E45-94A6-59C4B2F99CF0} = {F88EB74B-A298-4715-BDD2-8FE6DD7EFCC2}
		{D51A74C4-72E9-4649-A5C2-931628ABEDAE} = {F88EB74B-A298-4715-BDD2-8FE6DD7EFCC2}
		{65F8012B-C950-4B55-860E-24A6994C8B1C} = {F88EB74B-A298-4715-BDD2-8FE6DD7EFCC2}
		{47BC8045-71F4-44C0-AD72-9D5DE06FA66C} = {F88EB74B-A298-4715-BDD2-8FE6DD7EFCC2}
		{38D55D79-5587-4982-B0B7-CD109A4C3114} = {F88EB74B-A298-4715-BDD2-8FE6DD7EFCC2}
		{CF06E25A-3830-40CE-97E5-61C879DC44D1} = {F88EB74B-A298-4715-BDD2-8FE6DD7EFCC2}
		{98DC8237-D70F-48D1-8DBF-D881F3136CFA} = {F88EB74B-A298-4715-BDD2-8FE6DD7EFCC2}
		{15069B30-4DEC-4664-9D6D-59C5DD9FA7A1} = {C4B28EDE-F9FD-478B-90B2-212D9224AB21}
		{313DAE04-6E73-472C-A3C2-ECBFA4B5BA0D} = {C4B28EDE-F9FD-478B-90B2-212D9224AB21}
		{708F127E-767C-4787-91BB-B2C3398EF851} = {F88EB74B-A298-4715-BDD2-8FE6DD7EFCC2}
		{75EE60FB-2813-4C67-962B-77829DC59596} = {D5E202AB-8A5B-4C21-BCEB-204725886277}
		{6C4DB170-F3D8-4386-8E23-CE292546AE25} = {F90B51A6-59E4-4026-96D7-76A0BECC2BE6}
		{8A2B273F-0BD5-49DC-9416-2389056CD3A8} = {2628C1F7-3DCD-4B27-8B05-9D4B649E7ABC}
	EndGlobalSection
	GlobalSection(ExtensibilityGlobals) = postSolution
		SolutionGuid = {69CA7005-2892-4D9A-9575-8BCEC07E43F2}
	EndGlobalSection
EndGlobal
